// !$*UTF8*$!
{
	archiveVersion = 1;
	classes = {
	};
	objectVersion = 56;
	objects = {

/* Begin PBXBuildFile section */
		7443616829CAA39B00C5782E /* Assets.xcassets in Resources */ = {isa = PBXBuildFile; fileRef = 7443615029CAA39B00C5782E /* Assets.xcassets */; };
		7443616929CAA39B00C5782E /* Conversation.swift in Sources */ = {isa = PBXBuildFile; fileRef = 7443615229CAA39B00C5782E /* Conversation.swift */; };
		7443616A29CAA39B00C5782E /* CustomTextField.swift in Sources */ = {isa = PBXBuildFile; fileRef = 7443615329CAA39B00C5782E /* CustomTextField.swift */; };
		7443616B29CAA39B00C5782E /* IdentifiableChatMessage.swift in Sources */ = {isa = PBXBuildFile; fileRef = 7443615429CAA39B00C5782E /* IdentifiableChatMessage.swift */; };
		7443616D29CAA39B00C5782E /* HiveMindChatApp.swift in Sources */ = {isa = PBXBuildFile; fileRef = 7443615729CAA39B00C5782E /* HiveMindChatApp.swift */; };
		7443616E29CAA39B00C5782E /* APIInterface.swift in Sources */ = {isa = PBXBuildFile; fileRef = 7443615929CAA39B00C5782E /* APIInterface.swift */; };
		7443616F29CAA39B00C5782E /* LaunchScreen.storyboard in Resources */ = {isa = PBXBuildFile; fileRef = 7443615B29CAA39B00C5782E /* LaunchScreen.storyboard */; };
		7443617029CAA39B00C5782E /* SettingsView.swift in Sources */ = {isa = PBXBuildFile; fileRef = 7443615C29CAA39B00C5782E /* SettingsView.swift */; };
		7443617129CAA39B00C5782E /* TypingIndicatorView.swift in Sources */ = {isa = PBXBuildFile; fileRef = 7443615D29CAA39B00C5782E /* TypingIndicatorView.swift */; };
		7443617229CAA39B00C5782E /* ConversationRow.swift in Sources */ = {isa = PBXBuildFile; fileRef = 7443615E29CAA39B00C5782E /* ConversationRow.swift */; };
		7443617329CAA39B00C5782E /* ChatMessageView.swift in Sources */ = {isa = PBXBuildFile; fileRef = 7443615F29CAA39B00C5782E /* ChatMessageView.swift */; };
		7443617429CAA39B00C5782E /* ChatView.swift in Sources */ = {isa = PBXBuildFile; fileRef = 7443616029CAA39B00C5782E /* ChatView.swift */; };
		7443617529CAA39B00C5782E /* ContentView.swift in Sources */ = {isa = PBXBuildFile; fileRef = 7443616129CAA39B00C5782E /* ContentView.swift */; };
		7443617629CAA39B00C5782E /* ConversationListView.swift in Sources */ = {isa = PBXBuildFile; fileRef = 7443616229CAA39B00C5782E /* ConversationListView.swift */; };
		7443617829CAA39B00C5782E /* DataManager.swift in Sources */ = {isa = PBXBuildFile; fileRef = 7443616529CAA39B00C5782E /* DataManager.swift */; };
		7443617929CAA39B00C5782E /* ChatViewExtras.swift in Sources */ = {isa = PBXBuildFile; fileRef = 7443616629CAA39B00C5782E /* ChatViewExtras.swift */; };
		7443617A29CAA39B00C5782E /* ConversationListViewExtras.swift in Sources */ = {isa = PBXBuildFile; fileRef = 7443616729CAA39B00C5782E /* ConversationListViewExtras.swift */; };
		7443617D29CAA47700C5782E /* OpenAISwift in Frameworks */ = {isa = PBXBuildFile; productRef = 7443617C29CAA47700C5782E /* OpenAISwift */; };
		7443618029CAA48300C5782E /* KeychainSwift in Frameworks */ = {isa = PBXBuildFile; productRef = 7443617F29CAA48300C5782E /* KeychainSwift */; };
		74C525A229CFAE41005C959C /* HiveMindUTType.swift in Sources */ = {isa = PBXBuildFile; fileRef = 74C525A129CFAE41005C959C /* HiveMindUTType.swift */; };
		74C525A429CFAEF2005C959C /* ConversationListViewModel.swift in Sources */ = {isa = PBXBuildFile; fileRef = 74C525A329CFAEF2005C959C /* ConversationListViewModel.swift */; };
		74FF41DA29CFDDC8005E7DB1 /* StoreObserver.swift in Sources */ = {isa = PBXBuildFile; fileRef = 74FF41D929CFDDC8005E7DB1 /* StoreObserver.swift */; };
		74FF41DC29CFE628005E7DB1 /* FirstRunView.swift in Sources */ = {isa = PBXBuildFile; fileRef = 74FF41DB29CFE628005E7DB1 /* FirstRunView.swift */; };
/* End PBXBuildFile section */

/* Begin PBXFileReference section */
		7419225929CAA33A00154936 /* HiveMindChat.app */ = {isa = PBXFileReference; explicitFileType = wrapper.application; includeInIndex = 0; path = HiveMindChat.app; sourceTree = BUILT_PRODUCTS_DIR; };
		7443615029CAA39B00C5782E /* Assets.xcassets */ = {isa = PBXFileReference; lastKnownFileType = folder.assetcatalog; path = Assets.xcassets; sourceTree = "<group>"; };
		7443615229CAA39B00C5782E /* Conversation.swift */ = {isa = PBXFileReference; fileEncoding = 4; lastKnownFileType = sourcecode.swift; path = Conversation.swift; sourceTree = "<group>"; };
		7443615329CAA39B00C5782E /* CustomTextField.swift */ = {isa = PBXFileReference; fileEncoding = 4; lastKnownFileType = sourcecode.swift; path = CustomTextField.swift; sourceTree = "<group>"; };
		7443615429CAA39B00C5782E /* IdentifiableChatMessage.swift */ = {isa = PBXFileReference; fileEncoding = 4; lastKnownFileType = sourcecode.swift; path = IdentifiableChatMessage.swift; sourceTree = "<group>"; };
		7443615729CAA39B00C5782E /* HiveMindChatApp.swift */ = {isa = PBXFileReference; fileEncoding = 4; lastKnownFileType = sourcecode.swift; path = HiveMindChatApp.swift; sourceTree = "<group>"; };
		7443615929CAA39B00C5782E /* APIInterface.swift */ = {isa = PBXFileReference; fileEncoding = 4; lastKnownFileType = sourcecode.swift; path = APIInterface.swift; sourceTree = "<group>"; };
		7443615B29CAA39B00C5782E /* LaunchScreen.storyboard */ = {isa = PBXFileReference; fileEncoding = 4; lastKnownFileType = file.storyboard; path = LaunchScreen.storyboard; sourceTree = "<group>"; };
		7443615C29CAA39B00C5782E /* SettingsView.swift */ = {isa = PBXFileReference; fileEncoding = 4; lastKnownFileType = sourcecode.swift; path = SettingsView.swift; sourceTree = "<group>"; };
		7443615D29CAA39B00C5782E /* TypingIndicatorView.swift */ = {isa = PBXFileReference; fileEncoding = 4; lastKnownFileType = sourcecode.swift; path = TypingIndicatorView.swift; sourceTree = "<group>"; };
		7443615E29CAA39B00C5782E /* ConversationRow.swift */ = {isa = PBXFileReference; fileEncoding = 4; lastKnownFileType = sourcecode.swift; path = ConversationRow.swift; sourceTree = "<group>"; };
		7443615F29CAA39B00C5782E /* ChatMessageView.swift */ = {isa = PBXFileReference; fileEncoding = 4; lastKnownFileType = sourcecode.swift; path = ChatMessageView.swift; sourceTree = "<group>"; };
		7443616029CAA39B00C5782E /* ChatView.swift */ = {isa = PBXFileReference; fileEncoding = 4; lastKnownFileType = sourcecode.swift; path = ChatView.swift; sourceTree = "<group>"; };
		7443616129CAA39B00C5782E /* ContentView.swift */ = {isa = PBXFileReference; fileEncoding = 4; lastKnownFileType = sourcecode.swift; path = ContentView.swift; sourceTree = "<group>"; };
		7443616229CAA39B00C5782E /* ConversationListView.swift */ = {isa = PBXFileReference; fileEncoding = 4; lastKnownFileType = sourcecode.swift; path = ConversationListView.swift; sourceTree = "<group>"; };
		7443616529CAA39B00C5782E /* DataManager.swift */ = {isa = PBXFileReference; fileEncoding = 4; lastKnownFileType = sourcecode.swift; path = DataManager.swift; sourceTree = "<group>"; };
		7443616629CAA39B00C5782E /* ChatViewExtras.swift */ = {isa = PBXFileReference; fileEncoding = 4; lastKnownFileType = sourcecode.swift; path = ChatViewExtras.swift; sourceTree = "<group>"; };
		7443616729CAA39B00C5782E /* ConversationListViewExtras.swift */ = {isa = PBXFileReference; fileEncoding = 4; lastKnownFileType = sourcecode.swift; path = ConversationListViewExtras.swift; sourceTree = "<group>"; };
		7443618129CAA67300C5782E /* README.md */ = {isa = PBXFileReference; lastKnownFileType = net.daringfireball.markdown; path = README.md; sourceTree = "<group>"; };
		74C525A029CF79B1005C959C /* Info.plist */ = {isa = PBXFileReference; lastKnownFileType = text.plist; path = Info.plist; sourceTree = "<group>"; };
		74C525A129CFAE41005C959C /* HiveMindUTType.swift */ = {isa = PBXFileReference; lastKnownFileType = sourcecode.swift; path = HiveMindUTType.swift; sourceTree = "<group>"; };
		74C525A329CFAEF2005C959C /* ConversationListViewModel.swift */ = {isa = PBXFileReference; lastKnownFileType = sourcecode.swift; path = ConversationListViewModel.swift; sourceTree = "<group>"; };
		74FF41D929CFDDC8005E7DB1 /* StoreObserver.swift */ = {isa = PBXFileReference; lastKnownFileType = sourcecode.swift; path = StoreObserver.swift; sourceTree = "<group>"; };
		74FF41DB29CFE628005E7DB1 /* FirstRunView.swift */ = {isa = PBXFileReference; lastKnownFileType = sourcecode.swift; path = FirstRunView.swift; sourceTree = "<group>"; };
/* End PBXFileReference section */

/* Begin PBXFrameworksBuildPhase section */
		7419225629CAA33A00154936 /* Frameworks */ = {
			isa = PBXFrameworksBuildPhase;
			buildActionMask = 2147483647;
			files = (
				7443618029CAA48300C5782E /* KeychainSwift in Frameworks */,
				7443617D29CAA47700C5782E /* OpenAISwift in Frameworks */,
			);
			runOnlyForDeploymentPostprocessing = 0;
		};
/* End PBXFrameworksBuildPhase section */

/* Begin PBXGroup section */
		7419225029CAA33A00154936 = {
			isa = PBXGroup;
			children = (
				7443618129CAA67300C5782E /* README.md */,
				7443614F29CAA39B00C5782E /* HiveMindChat */,
				7419225A29CAA33A00154936 /* Products */,
			);
			sourceTree = "<group>";
		};
		7419225A29CAA33A00154936 /* Products */ = {
			isa = PBXGroup;
			children = (
				7419225929CAA33A00154936 /* HiveMindChat.app */,
			);
			name = Products;
			sourceTree = "<group>";
		};
		7443614F29CAA39B00C5782E /* HiveMindChat */ = {
			isa = PBXGroup;
			children = (
				74C525A029CF79B1005C959C /* Info.plist */,
				7443615729CAA39B00C5782E /* HiveMindChatApp.swift */,
				7443615029CAA39B00C5782E /* Assets.xcassets */,
				7443615829CAA39B00C5782E /* Controllers */,
				7443616429CAA39B00C5782E /* Helpers */,
				7443615129CAA39B00C5782E /* Models */,
				7443615A29CAA39B00C5782E /* Views */,
			);
			path = HiveMindChat;
			sourceTree = "<group>";
		};
		7443615129CAA39B00C5782E /* Models */ = {
			isa = PBXGroup;
			children = (
				7443615229CAA39B00C5782E /* Conversation.swift */,
				7443615329CAA39B00C5782E /* CustomTextField.swift */,
				7443615429CAA39B00C5782E /* IdentifiableChatMessage.swift */,
				74C525A329CFAEF2005C959C /* ConversationListViewModel.swift */,
			);
			path = Models;
			sourceTree = "<group>";
		};
		7443615829CAA39B00C5782E /* Controllers */ = {
			isa = PBXGroup;
			children = (
				7443615929CAA39B00C5782E /* APIInterface.swift */,
				74FF41D929CFDDC8005E7DB1 /* StoreObserver.swift */,
			);
			path = Controllers;
			sourceTree = "<group>";
		};
		7443615A29CAA39B00C5782E /* Views */ = {
			isa = PBXGroup;
			children = (
				7443615B29CAA39B00C5782E /* LaunchScreen.storyboard */,
				7443615C29CAA39B00C5782E /* SettingsView.swift */,
				7443615D29CAA39B00C5782E /* TypingIndicatorView.swift */,
				7443615E29CAA39B00C5782E /* ConversationRow.swift */,
				7443615F29CAA39B00C5782E /* ChatMessageView.swift */,
				7443616029CAA39B00C5782E /* ChatView.swift */,
				7443616129CAA39B00C5782E /* ContentView.swift */,
				7443616229CAA39B00C5782E /* ConversationListView.swift */,
				74FF41DB29CFE628005E7DB1 /* FirstRunView.swift */,
			);
			path = Views;
			sourceTree = "<group>";
		};
		7443616429CAA39B00C5782E /* Helpers */ = {
			isa = PBXGroup;
			children = (
				7443616529CAA39B00C5782E /* DataManager.swift */,
				7443616629CAA39B00C5782E /* ChatViewExtras.swift */,
				7443616729CAA39B00C5782E /* ConversationListViewExtras.swift */,
				74C525A129CFAE41005C959C /* HiveMindUTType.swift */,
			);
			path = Helpers;
			sourceTree = "<group>";
		};
/* End PBXGroup section */

/* Begin PBXNativeTarget section */
		7419225829CAA33A00154936 /* HiveMindChat */ = {
			isa = PBXNativeTarget;
			buildConfigurationList = 7419226729CAA33B00154936 /* Build configuration list for PBXNativeTarget "HiveMindChat" */;
			buildPhases = (
				7419225529CAA33A00154936 /* Sources */,
				7419225629CAA33A00154936 /* Frameworks */,
				7419225729CAA33A00154936 /* Resources */,
			);
			buildRules = (
			);
			dependencies = (
			);
			name = HiveMindChat;
			packageProductDependencies = (
				7443617C29CAA47700C5782E /* OpenAISwift */,
				7443617F29CAA48300C5782E /* KeychainSwift */,
			);
			productName = HiveMindChat;
			productReference = 7419225929CAA33A00154936 /* HiveMindChat.app */;
			productType = "com.apple.product-type.application";
		};
/* End PBXNativeTarget section */

/* Begin PBXProject section */
		7419225129CAA33A00154936 /* Project object */ = {
			isa = PBXProject;
			attributes = {
				BuildIndependentTargetsInParallel = 1;
				LastSwiftUpdateCheck = 1420;
				LastUpgradeCheck = 1420;
				TargetAttributes = {
					7419225829CAA33A00154936 = {
						CreatedOnToolsVersion = 14.2;
					};
				};
			};
			buildConfigurationList = 7419225429CAA33A00154936 /* Build configuration list for PBXProject "HiveMindChat" */;
			compatibilityVersion = "Xcode 14.0";
			developmentRegion = en;
			hasScannedForEncodings = 0;
			knownRegions = (
				en,
				Base,
			);
			mainGroup = 7419225029CAA33A00154936;
			packageReferences = (
				7443617B29CAA47600C5782E /* XCRemoteSwiftPackageReference "OpenAISwift" */,
				7443617E29CAA48300C5782E /* XCRemoteSwiftPackageReference "keychain-swift" */,
			);
			productRefGroup = 7419225A29CAA33A00154936 /* Products */;
			projectDirPath = "";
			projectRoot = "";
			targets = (
				7419225829CAA33A00154936 /* HiveMindChat */,
			);
		};
/* End PBXProject section */

/* Begin PBXResourcesBuildPhase section */
		7419225729CAA33A00154936 /* Resources */ = {
			isa = PBXResourcesBuildPhase;
			buildActionMask = 2147483647;
			files = (
				7443616829CAA39B00C5782E /* Assets.xcassets in Resources */,
				7443616F29CAA39B00C5782E /* LaunchScreen.storyboard in Resources */,
			);
			runOnlyForDeploymentPostprocessing = 0;
		};
/* End PBXResourcesBuildPhase section */

/* Begin PBXSourcesBuildPhase section */
		7419225529CAA33A00154936 /* Sources */ = {
			isa = PBXSourcesBuildPhase;
			buildActionMask = 2147483647;
			files = (
				7443617329CAA39B00C5782E /* ChatMessageView.swift in Sources */,
				7443617829CAA39B00C5782E /* DataManager.swift in Sources */,
				7443617929CAA39B00C5782E /* ChatViewExtras.swift in Sources */,
				7443617129CAA39B00C5782E /* TypingIndicatorView.swift in Sources */,
				7443617A29CAA39B00C5782E /* ConversationListViewExtras.swift in Sources */,
				74FF41DA29CFDDC8005E7DB1 /* StoreObserver.swift in Sources */,
				7443616A29CAA39B00C5782E /* CustomTextField.swift in Sources */,
				7443617029CAA39B00C5782E /* SettingsView.swift in Sources */,
				7443617429CAA39B00C5782E /* ChatView.swift in Sources */,
				74C525A429CFAEF2005C959C /* ConversationListViewModel.swift in Sources */,
				7443617229CAA39B00C5782E /* ConversationRow.swift in Sources */,
				7443616D29CAA39B00C5782E /* HiveMindChatApp.swift in Sources */,
				7443616E29CAA39B00C5782E /* APIInterface.swift in Sources */,
				7443616929CAA39B00C5782E /* Conversation.swift in Sources */,
				7443617629CAA39B00C5782E /* ConversationListView.swift in Sources */,
				7443617529CAA39B00C5782E /* ContentView.swift in Sources */,
				74C525A229CFAE41005C959C /* HiveMindUTType.swift in Sources */,
				74FF41DC29CFE628005E7DB1 /* FirstRunView.swift in Sources */,
				7443616B29CAA39B00C5782E /* IdentifiableChatMessage.swift in Sources */,
			);
			runOnlyForDeploymentPostprocessing = 0;
		};
/* End PBXSourcesBuildPhase section */

/* Begin XCBuildConfiguration section */
		7419226529CAA33B00154936 /* Debug */ = {
			isa = XCBuildConfiguration;
			buildSettings = {
				ALWAYS_SEARCH_USER_PATHS = NO;
				CLANG_ANALYZER_NONNULL = YES;
				CLANG_ANALYZER_NUMBER_OBJECT_CONVERSION = YES_AGGRESSIVE;
				CLANG_CXX_LANGUAGE_STANDARD = "gnu++20";
				CLANG_ENABLE_MODULES = YES;
				CLANG_ENABLE_OBJC_ARC = YES;
				CLANG_ENABLE_OBJC_WEAK = YES;
				CLANG_WARN_BLOCK_CAPTURE_AUTORELEASING = YES;
				CLANG_WARN_BOOL_CONVERSION = YES;
				CLANG_WARN_COMMA = YES;
				CLANG_WARN_CONSTANT_CONVERSION = YES;
				CLANG_WARN_DEPRECATED_OBJC_IMPLEMENTATIONS = YES;
				CLANG_WARN_DIRECT_OBJC_ISA_USAGE = YES_ERROR;
				CLANG_WARN_DOCUMENTATION_COMMENTS = YES;
				CLANG_WARN_EMPTY_BODY = YES;
				CLANG_WARN_ENUM_CONVERSION = YES;
				CLANG_WARN_INFINITE_RECURSION = YES;
				CLANG_WARN_INT_CONVERSION = YES;
				CLANG_WARN_NON_LITERAL_NULL_CONVERSION = YES;
				CLANG_WARN_OBJC_IMPLICIT_RETAIN_SELF = YES;
				CLANG_WARN_OBJC_LITERAL_CONVERSION = YES;
				CLANG_WARN_OBJC_ROOT_CLASS = YES_ERROR;
				CLANG_WARN_QUOTED_INCLUDE_IN_FRAMEWORK_HEADER = YES;
				CLANG_WARN_RANGE_LOOP_ANALYSIS = YES;
				CLANG_WARN_STRICT_PROTOTYPES = YES;
				CLANG_WARN_SUSPICIOUS_MOVE = YES;
				CLANG_WARN_UNGUARDED_AVAILABILITY = YES_AGGRESSIVE;
				CLANG_WARN_UNREACHABLE_CODE = YES;
				CLANG_WARN__DUPLICATE_METHOD_MATCH = YES;
				COPY_PHASE_STRIP = NO;
				DEBUG_INFORMATION_FORMAT = dwarf;
				ENABLE_STRICT_OBJC_MSGSEND = YES;
				ENABLE_TESTABILITY = YES;
				GCC_C_LANGUAGE_STANDARD = gnu11;
				GCC_DYNAMIC_NO_PIC = NO;
				GCC_NO_COMMON_BLOCKS = YES;
				GCC_OPTIMIZATION_LEVEL = 0;
				GCC_PREPROCESSOR_DEFINITIONS = (
					"DEBUG=1",
					"$(inherited)",
				);
				GCC_WARN_64_TO_32_BIT_CONVERSION = YES;
				GCC_WARN_ABOUT_RETURN_TYPE = YES_ERROR;
				GCC_WARN_UNDECLARED_SELECTOR = YES;
				GCC_WARN_UNINITIALIZED_AUTOS = YES_AGGRESSIVE;
				GCC_WARN_UNUSED_FUNCTION = YES;
				GCC_WARN_UNUSED_VARIABLE = YES;
				IPHONEOS_DEPLOYMENT_TARGET = 16.2;
				MTL_ENABLE_DEBUG_INFO = INCLUDE_SOURCE;
				MTL_FAST_MATH = YES;
				ONLY_ACTIVE_ARCH = YES;
				SDKROOT = iphoneos;
				SWIFT_ACTIVE_COMPILATION_CONDITIONS = DEBUG;
				SWIFT_OPTIMIZATION_LEVEL = "-Onone";
			};
			name = Debug;
		};
		7419226629CAA33B00154936 /* Release */ = {
			isa = XCBuildConfiguration;
			buildSettings = {
				ALWAYS_SEARCH_USER_PATHS = NO;
				CLANG_ANALYZER_NONNULL = YES;
				CLANG_ANALYZER_NUMBER_OBJECT_CONVERSION = YES_AGGRESSIVE;
				CLANG_CXX_LANGUAGE_STANDARD = "gnu++20";
				CLANG_ENABLE_MODULES = YES;
				CLANG_ENABLE_OBJC_ARC = YES;
				CLANG_ENABLE_OBJC_WEAK = YES;
				CLANG_WARN_BLOCK_CAPTURE_AUTORELEASING = YES;
				CLANG_WARN_BOOL_CONVERSION = YES;
				CLANG_WARN_COMMA = YES;
				CLANG_WARN_CONSTANT_CONVERSION = YES;
				CLANG_WARN_DEPRECATED_OBJC_IMPLEMENTATIONS = YES;
				CLANG_WARN_DIRECT_OBJC_ISA_USAGE = YES_ERROR;
				CLANG_WARN_DOCUMENTATION_COMMENTS = YES;
				CLANG_WARN_EMPTY_BODY = YES;
				CLANG_WARN_ENUM_CONVERSION = YES;
				CLANG_WARN_INFINITE_RECURSION = YES;
				CLANG_WARN_INT_CONVERSION = YES;
				CLANG_WARN_NON_LITERAL_NULL_CONVERSION = YES;
				CLANG_WARN_OBJC_IMPLICIT_RETAIN_SELF = YES;
				CLANG_WARN_OBJC_LITERAL_CONVERSION = YES;
				CLANG_WARN_OBJC_ROOT_CLASS = YES_ERROR;
				CLANG_WARN_QUOTED_INCLUDE_IN_FRAMEWORK_HEADER = YES;
				CLANG_WARN_RANGE_LOOP_ANALYSIS = YES;
				CLANG_WARN_STRICT_PROTOTYPES = YES;
				CLANG_WARN_SUSPICIOUS_MOVE = YES;
				CLANG_WARN_UNGUARDED_AVAILABILITY = YES_AGGRESSIVE;
				CLANG_WARN_UNREACHABLE_CODE = YES;
				CLANG_WARN__DUPLICATE_METHOD_MATCH = YES;
				COPY_PHASE_STRIP = NO;
				DEBUG_INFORMATION_FORMAT = "dwarf-with-dsym";
				ENABLE_NS_ASSERTIONS = NO;
				ENABLE_STRICT_OBJC_MSGSEND = YES;
				GCC_C_LANGUAGE_STANDARD = gnu11;
				GCC_NO_COMMON_BLOCKS = YES;
				GCC_WARN_64_TO_32_BIT_CONVERSION = YES;
				GCC_WARN_ABOUT_RETURN_TYPE = YES_ERROR;
				GCC_WARN_UNDECLARED_SELECTOR = YES;
				GCC_WARN_UNINITIALIZED_AUTOS = YES_AGGRESSIVE;
				GCC_WARN_UNUSED_FUNCTION = YES;
				GCC_WARN_UNUSED_VARIABLE = YES;
				IPHONEOS_DEPLOYMENT_TARGET = 16.2;
				MTL_ENABLE_DEBUG_INFO = NO;
				MTL_FAST_MATH = YES;
				SDKROOT = iphoneos;
				SWIFT_COMPILATION_MODE = wholemodule;
				SWIFT_OPTIMIZATION_LEVEL = "-O";
				VALIDATE_PRODUCT = YES;
			};
			name = Release;
		};
		7419226829CAA33B00154936 /* Debug */ = {
			isa = XCBuildConfiguration;
			buildSettings = {
				ASSETCATALOG_COMPILER_APPICON_NAME = AppIcon;
				ASSETCATALOG_COMPILER_GLOBAL_ACCENT_COLOR_NAME = AccentColor;
				CODE_SIGN_IDENTITY = "Apple Development";
				CODE_SIGN_STYLE = Automatic;
				CURRENT_PROJECT_VERSION = 38;
				DEVELOPMENT_ASSET_PATHS = "";
				DEVELOPMENT_TEAM = FJ646T5UTF;
				ENABLE_PREVIEWS = YES;
				GENERATE_INFOPLIST_FILE = YES;
				INFOPLIST_FILE = HiveMindChat/Info.plist;
				INFOPLIST_KEY_CFBundleDisplayName = "Hive Mind";
				INFOPLIST_KEY_UIApplicationSceneManifest_Generation = YES;
				INFOPLIST_KEY_UIApplicationSupportsIndirectInputEvents = YES;
				INFOPLIST_KEY_UILaunchScreen_Generation = YES;
				INFOPLIST_KEY_UILaunchStoryboardName = LaunchScreen.storyboard;
				INFOPLIST_KEY_UISupportedInterfaceOrientations = "UIInterfaceOrientationLandscapeLeft UIInterfaceOrientationLandscapeRight UIInterfaceOrientationPortrait UIInterfaceOrientationPortraitUpsideDown";
				LD_RUNPATH_SEARCH_PATHS = (
					"$(inherited)",
					"@executable_path/Frameworks",
				);
				MARKETING_VERSION = 1.7.9;
				PRODUCT_BUNDLE_IDENTIFIER = com.afakecompany.HiveMindChat;
				PRODUCT_NAME = "$(TARGET_NAME)";
				PROVISIONING_PROFILE_SPECIFIER = "";
				SWIFT_EMIT_LOC_STRINGS = YES;
				SWIFT_VERSION = 5.0;
				TARGETED_DEVICE_FAMILY = "1,2";
			};
			name = Debug;
		};
		7419226929CAA33B00154936 /* Release */ = {
			isa = XCBuildConfiguration;
			buildSettings = {
				ASSETCATALOG_COMPILER_APPICON_NAME = AppIcon;
				ASSETCATALOG_COMPILER_GLOBAL_ACCENT_COLOR_NAME = AccentColor;
				"CODE_SIGN_IDENTITY[sdk=iphoneos*]" = "iPhone Distribution";
				CODE_SIGN_STYLE = Manual;
				CURRENT_PROJECT_VERSION = 38;
				DEVELOPMENT_ASSET_PATHS = "";
				DEVELOPMENT_TEAM = FJ646T5UTF;
				"DEVELOPMENT_TEAM[sdk=iphoneos*]" = FJ646T5UTF;
				ENABLE_PREVIEWS = YES;
				GENERATE_INFOPLIST_FILE = YES;
				INFOPLIST_FILE = HiveMindChat/Info.plist;
				INFOPLIST_KEY_CFBundleDisplayName = "Hive Mind";
				INFOPLIST_KEY_UIApplicationSceneManifest_Generation = YES;
				INFOPLIST_KEY_UIApplicationSupportsIndirectInputEvents = YES;
				INFOPLIST_KEY_UILaunchScreen_Generation = YES;
				INFOPLIST_KEY_UILaunchStoryboardName = LaunchScreen.storyboard;
				INFOPLIST_KEY_UISupportedInterfaceOrientations = "UIInterfaceOrientationLandscapeLeft UIInterfaceOrientationLandscapeRight UIInterfaceOrientationPortrait UIInterfaceOrientationPortraitUpsideDown";
				LD_RUNPATH_SEARCH_PATHS = (
					"$(inherited)",
					"@executable_path/Frameworks",
				);
				MARKETING_VERSION = 1.7.9;
				PRODUCT_BUNDLE_IDENTIFIER = com.afakecompany.HiveMindChat;
				PRODUCT_NAME = "$(TARGET_NAME)";
				"PROVISIONING_PROFILE_SPECIFIER[sdk=iphoneos*]" = "HiveMind Provisioning";
				SWIFT_EMIT_LOC_STRINGS = YES;
				SWIFT_VERSION = 5.0;
				TARGETED_DEVICE_FAMILY = "1,2";
			};
			name = Release;
		};
/* End XCBuildConfiguration section */

/* Begin XCConfigurationList section */
		7419225429CAA33A00154936 /* Build configuration list for PBXProject "HiveMindChat" */ = {
			isa = XCConfigurationList;
			buildConfigurations = (
				7419226529CAA33B00154936 /* Debug */,
				7419226629CAA33B00154936 /* Release */,
			);
			defaultConfigurationIsVisible = 0;
			defaultConfigurationName = Release;
		};
		7419226729CAA33B00154936 /* Build configuration list for PBXNativeTarget "HiveMindChat" */ = {
			isa = XCConfigurationList;
			buildConfigurations = (
				7419226829CAA33B00154936 /* Debug */,
				7419226929CAA33B00154936 /* Release */,
			);
			defaultConfigurationIsVisible = 0;
			defaultConfigurationName = Release;
		};
/* End XCConfigurationList section */

/* Begin XCRemoteSwiftPackageReference section */
		7443617B29CAA47600C5782E /* XCRemoteSwiftPackageReference "OpenAISwift" */ = {
			isa = XCRemoteSwiftPackageReference;
			repositoryURL = "https://github.com/adamrushy/OpenAISwift.git";
			requirement = {
				kind = upToNextMajorVersion;
				minimumVersion = 1.0.0;
			};
		};
		7443617E29CAA48300C5782E /* XCRemoteSwiftPackageReference "keychain-swift" */ = {
			isa = XCRemoteSwiftPackageReference;
			repositoryURL = "https://github.com/vermi/keychain-swift";
			requirement = {
				branch = master;
				kind = branch;
			};
		};
/* End XCRemoteSwiftPackageReference section */

/* Begin XCSwiftPackageProductDependency section */
		7443617C29CAA47700C5782E /* OpenAISwift */ = {
			isa = XCSwiftPackageProductDependency;
			package = 7443617B29CAA47600C5782E /* XCRemoteSwiftPackageReference "OpenAISwift" */;
			productName = OpenAISwift;
		};
		7443617F29CAA48300C5782E /* KeychainSwift */ = {
			isa = XCSwiftPackageProductDependency;
			package = 7443617E29CAA48300C5782E /* XCRemoteSwiftPackageReference "keychain-swift" */;
			productName = KeychainSwift;
		};
/* End XCSwiftPackageProductDependency section */
	};
	rootObject = 7419225129CAA33A00154936 /* Project object */;
}
